
Microsoft Visual Studio Solution File, Format Version 12.00
# Visual Studio Version 17
VisualStudioVersion = 17.9.34728.123
MinimumVisualStudioVersion = 10.0.40219.1
Project("{FAE04EC0-301F-11D3-BF4B-00C04F79EFBC}") = "DejgetalClock", "DejgetalClock\DejgetalClock.csproj", "{6A1C5AC5-4B58-4266-9C77-19F208B7F884}"
EndProject
Global
	GlobalSection(SolutionConfigurationPlatforms) = preSolution
		Debug|Any CPU = Debug|Any CPU
		Release|Any CPU = Release|Any CPU
	EndGlobalSection
	GlobalSection(ProjectConfigurationPlatforms) = postSolution
		{6A1C5AC5-4B58-4266-9C77-19F208B7F884}.Debug|Any CPU.ActiveCfg = Debug|Any CPU
		{6A1C5AC5-4B58-4266-9C77-19F208B7F884}.Debug|Any CPU.Build.0 = Debug|Any CPU
		{6A1C5AC5-4B58-4266-9C77-19F208B7F884}.Release|Any CPU.ActiveCfg = Release|Any CPU
		{6A1C5AC5-4B58-4266-9C77-19F208B7F884}.Release|Any CPU.Build.0 = Release|Any CPU
	EndGlobalSection
	GlobalSection(SolutionProperties) = preSolution
		HideSolutionNode = FALSE
	EndGlobalSection
	GlobalSection(ExtensibilityGlobals) = postSolution
		SolutionGuid = {C21F5688-5ED8-425E-9975-701FA2810547}
	EndGlobalSection
EndGlobal
